
Microsoft Visual Studio Solution File, Format Version 12.00
# Visual Studio Version 17
VisualStudioVersion = 17.1.32407.343
MinimumVisualStudioVersion = 10.0.40219.1
Project("{FAE04EC0-301F-11D3-BF4B-00C04F79EFBC}") = "FizzBuzz.LogicTest", "FizzBuzz.LogicTest\FizzBuzz.LogicTest.csproj", "{0EDCF232-F11B-40A9-A741-29D112CB3F3F}"
EndProject
Project("{FAE04EC0-301F-11D3-BF4B-00C04F79EFBC}") = "FizzBuzzGame", "FizzBuzzGame\FizzBuzzGame.csproj", "{444492FD-FD33-4E11-84BB-A7B8A849DE57}"
EndProject
Global
	GlobalSection(SolutionConfigurationPlatforms) = preSolution
		Debug|Any CPU = Debug|Any CPU
		Release|Any CPU = Release|Any CPU
	EndGlobalSection
	GlobalSection(ProjectConfigurationPlatforms) = postSolution
		{0EDCF232-F11B-40A9-A741-29D112CB3F3F}.Debug|Any CPU.ActiveCfg = Debug|Any CPU
		{0EDCF232-F11B-40A9-A741-29D112CB3F3F}.Debug|Any CPU.Build.0 = Debug|Any CPU
		{0EDCF232-F11B-40A9-A741-29D112CB3F3F}.Release|Any CPU.ActiveCfg = Release|Any CPU
		{0EDCF232-F11B-40A9-A741-29D112CB3F3F}.Release|Any CPU.Build.0 = Release|Any CPU
		{444492FD-FD33-4E11-84BB-A7B8A849DE57}.Debug|Any CPU.ActiveCfg = Debug|Any CPU
		{444492FD-FD33-4E11-84BB-A7B8A849DE57}.Debug|Any CPU.Build.0 = Debug|Any CPU
		{444492FD-FD33-4E11-84BB-A7B8A849DE57}.Release|Any CPU.ActiveCfg = Release|Any CPU
		{444492FD-FD33-4E11-84BB-A7B8A849DE57}.Release|Any CPU.Build.0 = Release|Any CPU
	EndGlobalSection
	GlobalSection(SolutionProperties) = preSolution
		HideSolutionNode = FALSE
	EndGlobalSection
	GlobalSection(ExtensibilityGlobals) = postSolution
		SolutionGuid = {7083A18C-8416-4F21-B95E-AF0BCFC658A1}
	EndGlobalSection
EndGlobal
